
Microsoft Visual Studio Solution File, Format Version 12.00
# Visual Studio Version 16
VisualStudioVersion = 16.0.29613.14
MinimumVisualStudioVersion = 10.0.40219.1
Project("{FAE04EC0-301F-11D3-BF4B-00C04F79EFBC}") = "RogueMax", "RogueMax\RogueMax.csproj", "{68AA18C9-F447-4E2C-BFD9-F10150800FE1}"
EndProject
Global
	GlobalSection(SolutionConfigurationPlatforms) = preSolution
		Debug|Any CPU = Debug|Any CPU
		Release|Any CPU = Release|Any CPU
	EndGlobalSection
	GlobalSection(ProjectConfigurationPlatforms) = postSolution
		{68AA18C9-F447-4E2C-BFD9-F10150800FE1}.Debug|Any CPU.ActiveCfg = Debug|Any CPU
		{68AA18C9-F447-4E2C-BFD9-F10150800FE1}.Debug|Any CPU.Build.0 = Debug|Any CPU
		{68AA18C9-F447-4E2C-BFD9-F10150800FE1}.Release|Any CPU.ActiveCfg = Release|Any CPU
		{68AA18C9-F447-4E2C-BFD9-F10150800FE1}.Release|Any CPU.Build.0 = Release|Any CPU
	EndGlobalSection
	GlobalSection(SolutionProperties) = preSolution
		HideSolutionNode = FALSE
	EndGlobalSection
	GlobalSection(ExtensibilityGlobals) = postSolution
		SolutionGuid = {3A69C851-26A0-4993-841C-038C18A0771D}
	EndGlobalSection
EndGlobal
